
Microsoft Visual Studio Solution File, Format Version 12.00
# Visual Studio Version 17
VisualStudioVersion = 17.8.34322.80
MinimumVisualStudioVersion = 10.0.40219.1
Project("{9A19103F-16F7-4668-BE54-9A1E7A4F7556}") = "IfYouGiveASeedAFertilizer", "IfYouGiveASeedAFertilizer\IfYouGiveASeedAFertilizer.csproj", "{9C8A035D-5BE4-42E0-A03C-37B2BC7E6326}"
EndProject
Project("{FAE04EC0-301F-11D3-BF4B-00C04F79EFBC}") = "IfYouGiveASeedAFertilizer.Tests", "IfYouGiveASeedAFertilizer.Tests\IfYouGiveASeedAFertilizer.Tests.csproj", "{49BF2C54-2975-4249-9F2B-FF0322BA252E}"
EndProject
Global
	GlobalSection(SolutionConfigurationPlatforms) = preSolution
		Debug|Any CPU = Debug|Any CPU
		Release|Any CPU = Release|Any CPU
	EndGlobalSection
	GlobalSection(ProjectConfigurationPlatforms) = postSolution
		{9C8A035D-5BE4-42E0-A03C-37B2BC7E6326}.Debug|Any CPU.ActiveCfg = Debug|Any CPU
		{9C8A035D-5BE4-42E0-A03C-37B2BC7E6326}.Debug|Any CPU.Build.0 = Debug|Any CPU
		{9C8A035D-5BE4-42E0-A03C-37B2BC7E6326}.Release|Any CPU.ActiveCfg = Release|Any CPU
		{9C8A035D-5BE4-42E0-A03C-37B2BC7E6326}.Release|Any CPU.Build.0 = Release|Any CPU
		{49BF2C54-2975-4249-9F2B-FF0322BA252E}.Debug|Any CPU.ActiveCfg = Debug|Any CPU
		{49BF2C54-2975-4249-9F2B-FF0322BA252E}.Debug|Any CPU.Build.0 = Debug|Any CPU
		{49BF2C54-2975-4249-9F2B-FF0322BA252E}.Release|Any CPU.ActiveCfg = Release|Any CPU
		{49BF2C54-2975-4249-9F2B-FF0322BA252E}.Release|Any CPU.Build.0 = Release|Any CPU
	EndGlobalSection
	GlobalSection(SolutionProperties) = preSolution
		HideSolutionNode = FALSE
	EndGlobalSection
	GlobalSection(ExtensibilityGlobals) = postSolution
		SolutionGuid = {5AC68659-C2C9-4ECD-BB4C-4FB328076A66}
	EndGlobalSection
EndGlobal
